
Microsoft Visual Studio Solution File, Format Version 12.00
# Visual Studio Version 17
VisualStudioVersion = 17.8.34330.188
MinimumVisualStudioVersion = 10.0.40219.1
Project("{9A19103F-16F7-4668-BE54-9A1E7A4F7556}") = "DD", "DD\DD.csproj", "{B9EFC969-DFE5-4434-B03D-8D1134AFD8E3}"
EndProject
Global
	GlobalSection(SolutionConfigurationPlatforms) = preSolution
		Debug|Any CPU = Debug|Any CPU
		QA|Any CPU = QA|Any CPU
		Release|Any CPU = Release|Any CPU
	EndGlobalSection
	GlobalSection(ProjectConfigurationPlatforms) = postSolution
		{B9EFC969-DFE5-4434-B03D-8D1134AFD8E3}.Debug|Any CPU.ActiveCfg = Debug|Any CPU
		{B9EFC969-DFE5-4434-B03D-8D1134AFD8E3}.Debug|Any CPU.Build.0 = Debug|Any CPU
		{B9EFC969-DFE5-4434-B03D-8D1134AFD8E3}.QA|Any CPU.ActiveCfg = QA|Any CPU
		{B9EFC969-DFE5-4434-B03D-8D1134AFD8E3}.QA|Any CPU.Build.0 = QA|Any CPU
		{B9EFC969-DFE5-4434-B03D-8D1134AFD8E3}.Release|Any CPU.ActiveCfg = Release|Any CPU
		{B9EFC969-DFE5-4434-B03D-8D1134AFD8E3}.Release|Any CPU.Build.0 = Release|Any CPU
	EndGlobalSection
	GlobalSection(SolutionProperties) = preSolution
		HideSolutionNode = FALSE
	EndGlobalSection
	GlobalSection(ExtensibilityGlobals) = postSolution
		SolutionGuid = {1CDDC44A-AB0B-416C-86A3-2966AB9D6CE0}
	EndGlobalSection
EndGlobal
